// !$*UTF8*$!
{
	archiveVersion = 1;
	classes = {
	};
	objectVersion = 46;
	objects = {

/* Begin PBXBuildFile section */
		64CFDC31206382A7006217E4 /* AppDelegate.swift in Sources */ = {isa = PBXBuildFile; fileRef = 64CFDC30206382A7006217E4 /* AppDelegate.swift */; };
		64CFDC33206382A7006217E4 /* ViewController.swift in Sources */ = {isa = PBXBuildFile; fileRef = 64CFDC32206382A7006217E4 /* ViewController.swift */; };
		64CFDC36206382A7006217E4 /* Main.storyboard in Resources */ = {isa = PBXBuildFile; fileRef = 64CFDC34206382A7006217E4 /* Main.storyboard */; };
		64CFDC38206382A7006217E4 /* Assets.xcassets in Resources */ = {isa = PBXBuildFile; fileRef = 64CFDC37206382A7006217E4 /* Assets.xcassets */; };
		64CFDC3B206382A7006217E4 /* LaunchScreen.storyboard in Resources */ = {isa = PBXBuildFile; fileRef = 64CFDC39206382A7006217E4 /* LaunchScreen.storyboard */; };
		64CFDC46206382A7006217E4 /* TestTests.swift in Sources */ = {isa = PBXBuildFile; fileRef = 64CFDC45206382A7006217E4 /* TestTests.swift */; };
		64CFDC51206382A8006217E4 /* TestUITests.swift in Sources */ = {isa = PBXBuildFile; fileRef = 64CFDC50206382A8006217E4 /* TestUITests.swift */; };
/* End PBXBuildFile section */

/* Begin PBXContainerItemProxy section */
		64CFDC42206382A7006217E4 /* PBXContainerItemProxy */ = {
			isa = PBXContainerItemProxy;
			containerPortal = 64CFDC25206382A7006217E4 /* Project object */;
			proxyType = 1;
			remoteGlobalIDString = 64CFDC2C206382A7006217E4;
			remoteInfo = Test;
		};
		64CFDC4D206382A8006217E4 /* PBXContainerItemProxy */ = {
			isa = PBXContainerItemProxy;
			containerPortal = 64CFDC25206382A7006217E4 /* Project object */;
			proxyType = 1;
			remoteGlobalIDString = 64CFDC2C206382A7006217E4;
			remoteInfo = Test;
		};
/* End PBXContainerItemProxy section */

/* Begin PBXFileReference section */
		64CFDC2D206382A7006217E4 /* Test.app */ = {isa = PBXFileReference; explicitFileType = wrapper.application; includeInIndex = 0; path = Test.app; sourceTree = BUILT_PRODUCTS_DIR; };
		64CFDC30206382A7006217E4 /* AppDelegate.swift */ = {isa = PBXFileReference; lastKnownFileType = sourcecode.swift; path = AppDelegate.swift; sourceTree = "<group>"; };
		64CFDC32206382A7006217E4 /* ViewController.swift */ = {isa = PBXFileReference; lastKnownFileType = sourcecode.swift; path = ViewController.swift; sourceTree = "<group>"; };
		64CFDC35206382A7006217E4 /* Base */ = {isa = PBXFileReference; lastKnownFileType = file.storyboard; name = Base; path = Base.lproj/Main.storyboard; sourceTree = "<group>"; };
		64CFDC37206382A7006217E4 /* Assets.xcassets */ = {isa = PBXFileReference; lastKnownFileType = folder.assetcatalog; path = Assets.xcassets; sourceTree = "<group>"; };
		64CFDC3A206382A7006217E4 /* Base */ = {isa = PBXFileReference; lastKnownFileType = file.storyboard; name = Base; path = Base.lproj/LaunchScreen.storyboard; sourceTree = "<group>"; };
		64CFDC3C206382A7006217E4 /* Info.plist */ = {isa = PBXFileReference; lastKnownFileType = text.plist.xml; path = Info.plist; sourceTree = "<group>"; };
		64CFDC41206382A7006217E4 /* TestTests.xctest */ = {isa = PBXFileReference; explicitFileType = wrapper.cfbundle; includeInIndex = 0; path = TestTests.xctest; sourceTree = BUILT_PRODUCTS_DIR; };
		64CFDC45206382A7006217E4 /* TestTests.swift */ = {isa = PBXFileReference; lastKnownFileType = sourcecode.swift; path = TestTests.swift; sourceTree = "<group>"; };
		64CFDC47206382A7006217E4 /* Info.plist */ = {isa = PBXFileReference; lastKnownFileType = text.plist.xml; path = Info.plist; sourceTree = "<group>"; };
		64CFDC4C206382A8006217E4 /* TestUITests.xctest */ = {isa = PBXFileReference; explicitFileType = wrapper.cfbundle; includeInIndex = 0; path = TestUITests.xctest; sourceTree = BUILT_PRODUCTS_DIR; };
		64CFDC50206382A8006217E4 /* TestUITests.swift */ = {isa = PBXFileReference; lastKnownFileType = sourcecode.swift; path = TestUITests.swift; sourceTree = "<group>"; };
		64CFDC52206382A8006217E4 /* Info.plist */ = {isa = PBXFileReference; lastKnownFileType = text.plist.xml; path = Info.plist; sourceTree = "<group>"; };
/* End PBXFileReference section */

/* Begin PBXFrameworksBuildPhase section */
		64CFDC2A206382A7006217E4 /* Frameworks */ = {
			isa = PBXFrameworksBuildPhase;
			buildActionMask = 2147483647;
			files = (
			);
			runOnlyForDeploymentPostprocessing = 0;
		};
		64CFDC3E206382A7006217E4 /* Frameworks */ = {
			isa = PBXFrameworksBuildPhase;
			buildActionMask = 2147483647;
			files = (
			);
			runOnlyForDeploymentPostprocessing = 0;
		};
		64CFDC49206382A7006217E4 /* Frameworks */ = {
			isa = PBXFrameworksBuildPhase;
			buildActionMask = 2147483647;
			files = (
			);
			runOnlyForDeploymentPostprocessing = 0;
		};
/* End PBXFrameworksBuildPhase section */

/* Begin PBXGroup section */
		64CFDC24206382A7006217E4 = {
			isa = PBXGroup;
			children = (
				64CFDC2F206382A7006217E4 /* Test */,
				64CFDC44206382A7006217E4 /* TestTests */,
				64CFDC4F206382A8006217E4 /* TestUITests */,
				64CFDC2E206382A7006217E4 /* Products */,
			);
			sourceTree = "<group>";
		};
		64CFDC2E206382A7006217E4 /* Products */ = {
			isa = PBXGroup;
			children = (
				64CFDC2D206382A7006217E4 /* Test.app */,
				64CFDC41206382A7006217E4 /* TestTests.xctest */,
				64CFDC4C206382A8006217E4 /* TestUITests.xctest */,
			);
			name = Products;
			sourceTree = "<group>";
		};
		64CFDC2F206382A7006217E4 /* Test */ = {
			isa = PBXGroup;
			children = (
				64CFDC30206382A7006217E4 /* AppDelegate.swift */,
				64CFDC32206382A7006217E4 /* ViewController.swift */,
				64CFDC34206382A7006217E4 /* Main.storyboard */,
				64CFDC37206382A7006217E4 /* Assets.xcassets */,
				64CFDC39206382A7006217E4 /* LaunchScreen.storyboard */,
				64CFDC3C206382A7006217E4 /* Info.plist */,
			);
			path = Test;
			sourceTree = "<group>";
		};
		64CFDC44206382A7006217E4 /* TestTests */ = {
			isa = PBXGroup;
			children = (
				64CFDC45206382A7006217E4 /* TestTests.swift */,
				64CFDC47206382A7006217E4 /* Info.plist */,
			);
			path = TestTests;
			sourceTree = "<group>";
		};
		64CFDC4F206382A8006217E4 /* TestUITests */ = {
			isa = PBXGroup;
			children = (
				64CFDC50206382A8006217E4 /* TestUITests.swift */,
				64CFDC52206382A8006217E4 /* Info.plist */,
			);
			path = TestUITests;
			sourceTree = "<group>";
		};
/* End PBXGroup section */

/* Begin PBXNativeTarget section */
		64CFDC2C206382A7006217E4 /* Test */ = {
			isa = PBXNativeTarget;
			buildConfigurationList = 64CFDC55206382A8006217E4 /* Build configuration list for PBXNativeTarget "Test" */;
			buildPhases = (
				64CFDC29206382A7006217E4 /* Sources */,
				64CFDC2A206382A7006217E4 /* Frameworks */,
				64CFDC2B206382A7006217E4 /* Resources */,
			);
			buildRules = (
			);
			dependencies = (
			);
			name = Test;
			productName = Test;
			productReference = 64CFDC2D206382A7006217E4 /* Test.app */;
			productType = "com.apple.product-type.application";
		};
		64CFDC40206382A7006217E4 /* TestTests */ = {
			isa = PBXNativeTarget;
			buildConfigurationList = 64CFDC58206382A8006217E4 /* Build configuration list for PBXNativeTarget "TestTests" */;
			buildPhases = (
				64CFDC3D206382A7006217E4 /* Sources */,
				64CFDC3E206382A7006217E4 /* Frameworks */,
				64CFDC3F206382A7006217E4 /* Resources */,
			);
			buildRules = (
			);
			dependencies = (
				64CFDC43206382A7006217E4 /* PBXTargetDependency */,
			);
			name = TestTests;
			productName = TestTests;
			productReference = 64CFDC41206382A7006217E4 /* TestTests.xctest */;
			productType = "com.apple.product-type.bundle.unit-test";
		};
		64CFDC4B206382A7006217E4 /* TestUITests */ = {
			isa = PBXNativeTarget;
			buildConfigurationList = 64CFDC5B206382A8006217E4 /* Build configuration list for PBXNativeTarget "TestUITests" */;
			buildPhases = (
				64CFDC48206382A7006217E4 /* Sources */,
				64CFDC49206382A7006217E4 /* Frameworks */,
				64CFDC4A206382A7006217E4 /* Resources */,
			);
			buildRules = (
			);
			dependencies = (
				64CFDC4E206382A8006217E4 /* PBXTargetDependency */,
			);
			name = TestUITests;
			productName = TestUITests;
			productReference = 64CFDC4C206382A8006217E4 /* TestUITests.xctest */;
			productType = "com.apple.product-type.bundle.ui-testing";
		};
/* End PBXNativeTarget section */

/* Begin PBXProject section */
		64CFDC25206382A7006217E4 /* Project object */ = {
			isa = PBXProject;
			attributes = {
				LastSwiftUpdateCheck = 0710;
				LastUpgradeCheck = 0710;
				ORGANIZATIONNAME = "Matsuura Hana";
				TargetAttributes = {
					64CFDC2C206382A7006217E4 = {
						CreatedOnToolsVersion = 7.1;
					};
					64CFDC40206382A7006217E4 = {
						CreatedOnToolsVersion = 7.1;
						TestTargetID = 64CFDC2C206382A7006217E4;
					};
					64CFDC4B206382A7006217E4 = {
						CreatedOnToolsVersion = 7.1;
						TestTargetID = 64CFDC2C206382A7006217E4;
					};
				};
			};
			buildConfigurationList = 64CFDC28206382A7006217E4 /* Build configuration list for PBXProject "Test" */;
			compatibilityVersion = "Xcode 3.2";
			developmentRegion = English;
			hasScannedForEncodings = 0;
			knownRegions = (
				en,
				Base,
			);
			mainGroup = 64CFDC24206382A7006217E4;
			productRefGroup = 64CFDC2E206382A7006217E4 /* Products */;
			projectDirPath = "";
			projectRoot = "";
			targets = (
				64CFDC2C206382A7006217E4 /* Test */,
				64CFDC40206382A7006217E4 /* TestTests */,
				64CFDC4B206382A7006217E4 /* TestUITests */,
			);
		};
/* End PBXProject section */

/* Begin PBXResourcesBuildPhase section */
		64CFDC2B206382A7006217E4 /* Resources */ = {
			isa = PBXResourcesBuildPhase;
			buildActionMask = 2147483647;
			files = (
				64CFDC3B206382A7006217E4 /* LaunchScreen.storyboard in Resources */,
				64CFDC38206382A7006217E4 /* Assets.xcassets in Resources */,
				64CFDC36206382A7006217E4 /* Main.storyboard in Resources */,
			);
			runOnlyForDeploymentPostprocessing = 0;
		};
		64CFDC3F206382A7006217E4 /* Resources */ = {
			isa = PBXResourcesBuildPhase;
			buildActionMask = 2147483647;
			files = (
			);
			runOnlyForDeploymentPostprocessing = 0;
		};
		64CFDC4A206382A7006217E4 /* Resources */ = {
			isa = PBXResourcesBuildPhase;
			buildActionMask = 2147483647;
			files = (
			);
			runOnlyForDeploymentPostprocessing = 0;
		};
/* End PBXResourcesBuildPhase section */

/* Begin PBXSourcesBuildPhase section */
		64CFDC29206382A7006217E4 /* Sources */ = {
			isa = PBXSourcesBuildPhase;
			buildActionMask = 2147483647;
			files = (
				64CFDC33206382A7006217E4 /* ViewController.swift in Sources */,
				64CFDC31206382A7006217E4 /* AppDelegate.swift in Sources */,
			);
			runOnlyForDeploymentPostprocessing = 0;
		};
		64CFDC3D206382A7006217E4 /* Sources */ = {
			isa = PBXSourcesBuildPhase;
			buildActionMask = 2147483647;
			files = (
				64CFDC46206382A7006217E4 /* TestTests.swift in Sources */,
			);
			runOnlyForDeploymentPostprocessing = 0;
		};
		64CFDC48206382A7006217E4 /* Sources */ = {
			isa = PBXSourcesBuildPhase;
			buildActionMask = 2147483647;
			files = (
				64CFDC51206382A8006217E4 /* TestUITests.swift in Sources */,
			);
			runOnlyForDeploymentPostprocessing = 0;
		};
/* End PBXSourcesBuildPhase section */

/* Begin PBXTargetDependency section */
		64CFDC43206382A7006217E4 /* PBXTargetDependency */ = {
			isa = PBXTargetDependency;
			target = 64CFDC2C206382A7006217E4 /* Test */;
			targetProxy = 64CFDC42206382A7006217E4 /* PBXContainerItemProxy */;
		};
		64CFDC4E206382A8006217E4 /* PBXTargetDependency */ = {
			isa = PBXTargetDependency;
			target = 64CFDC2C206382A7006217E4 /* Test */;
			targetProxy = 64CFDC4D206382A8006217E4 /* PBXContainerItemProxy */;
		};
/* End PBXTargetDependency section */

/* Begin PBXVariantGroup section */
		64CFDC34206382A7006217E4 /* Main.storyboard */ = {
			isa = PBXVariantGroup;
			children = (
				64CFDC35206382A7006217E4 /* Base */,
			);
			name = Main.storyboard;
			sourceTree = "<group>";
		};
		64CFDC39206382A7006217E4 /* LaunchScreen.storyboard */ = {
			isa = PBXVariantGroup;
			children = (
				64CFDC3A206382A7006217E4 /* Base */,
			);
			name = LaunchScreen.storyboard;
			sourceTree = "<group>";
		};
/* End PBXVariantGroup section */

/* Begin XCBuildConfiguration section */
		64CFDC53206382A8006217E4 /* Debug */ = {
			isa = XCBuildConfiguration;
			buildSettings = {
				ALWAYS_SEARCH_USER_PATHS = NO;
				CLANG_CXX_LANGUAGE_STANDARD = "gnu++0x";
				CLANG_CXX_LIBRARY = "libc++";
				CLANG_ENABLE_MODULES = YES;
				CLANG_ENABLE_OBJC_ARC = YES;
				CLANG_WARN_BOOL_CONVERSION = YES;
				CLANG_WARN_CONSTANT_CONVERSION = YES;
				CLANG_WARN_DIRECT_OBJC_ISA_USAGE = YES_ERROR;
				CLANG_WARN_EMPTY_BODY = YES;
				CLANG_WARN_ENUM_CONVERSION = YES;
				CLANG_WARN_INT_CONVERSION = YES;
				CLANG_WARN_OBJC_ROOT_CLASS = YES_ERROR;
				CLANG_WARN_UNREACHABLE_CODE = YES;
				CLANG_WARN__DUPLICATE_METHOD_MATCH = YES;
				"CODE_SIGN_IDENTITY[sdk=iphoneos*]" = "iPhone Developer";
				COPY_PHASE_STRIP = NO;
				DEBUG_INFORMATION_FORMAT = dwarf;
				ENABLE_STRICT_OBJC_MSGSEND = YES;
				ENABLE_TESTABILITY = YES;
				GCC_C_LANGUAGE_STANDARD = gnu99;
				GCC_DYNAMIC_NO_PIC = NO;
				GCC_NO_COMMON_BLOCKS = YES;
				GCC_OPTIMIZATION_LEVEL = 0;
				GCC_PREPROCESSOR_DEFINITIONS = (
					"DEBUG=1",
					"$(inherited)",
				);
				GCC_WARN_64_TO_32_BIT_CONVERSION = YES;
				GCC_WARN_ABOUT_RETURN_TYPE = YES_ERROR;
				GCC_WARN_UNDECLARED_SELECTOR = YES;
				GCC_WARN_UNINITIALIZED_AUTOS = YES_AGGRESSIVE;
				GCC_WARN_UNUSED_FUNCTION = YES;
				GCC_WARN_UNUSED_VARIABLE = YES;
				IPHONEOS_DEPLOYMENT_TARGET = 9.1;
				MTL_ENABLE_DEBUG_INFO = YES;
				ONLY_ACTIVE_ARCH = YES;
				SDKROOT = iphoneos;
				SWIFT_OPTIMIZATION_LEVEL = "-Onone";
				TARGETED_DEVICE_FAMILY = "1,2";
			};
			name = Debug;
		};
		64CFDC54206382A8006217E4 /* Release */ = {
			isa = XCBuildConfiguration;
			buildSettings = {
				ALWAYS_SEARCH_USER_PATHS = NO;
				CLANG_CXX_LANGUAGE_STANDARD = "gnu++0x";
				CLANG_CXX_LIBRARY = "libc++";
				CLANG_ENABLE_MODULES = YES;
				CLANG_ENABLE_OBJC_ARC = YES;
				CLANG_WARN_BOOL_CONVERSION = YES;
				CLANG_WARN_CONSTANT_CONVERSION = YES;
				CLANG_WARN_DIRECT_OBJC_ISA_USAGE = YES_ERROR;
				CLANG_WARN_EMPTY_BODY = YES;
				CLANG_WARN_ENUM_CONVERSION = YES;
				CLANG_WARN_INT_CONVERSION = YES;
				CLANG_WARN_OBJC_ROOT_CLASS = YES_ERROR;
				CLANG_WARN_UNREACHABLE_CODE = YES;
				CLANG_WARN__DUPLICATE_METHOD_MATCH = YES;
				"CODE_SIGN_IDENTITY[sdk=iphoneos*]" = "iPhone Developer";
				COPY_PHASE_STRIP = NO;
				DEBUG_INFORMATION_FORMAT = "dwarf-with-dsym";
				ENABLE_NS_ASSERTIONS = NO;
				ENABLE_STRICT_OBJC_MSGSEND = YES;
				GCC_C_LANGUAGE_STANDARD = gnu99;
				GCC_NO_COMMON_BLOCKS = YES;
				GCC_WARN_64_TO_32_BIT_CONVERSION = YES;
				GCC_WARN_ABOUT_RETURN_TYPE = YES_ERROR;
				GCC_WARN_UNDECLARED_SELECTOR = YES;
				GCC_WARN_UNINITIALIZED_AUTOS = YES_AGGRESSIVE;
				GCC_WARN_UNUSED_FUNCTION = YES;
				GCC_WARN_UNUSED_VARIABLE = YES;
				IPHONEOS_DEPLOYMENT_TARGET = 9.1;
				MTL_ENABLE_DEBUG_INFO = NO;
				SDKROOT = iphoneos;
				TARGETED_DEVICE_FAMILY = "1,2";
				VALIDATE_PRODUCT = YES;
			};
			name = Release;
		};
		64CFDC56206382A8006217E4 /* Debug */ = {
			isa = XCBuildConfiguration;
			buildSettings = {
				ASSETCATALOG_COMPILER_APPICON_NAME = AppIcon;
				INFOPLIST_FILE = Test/Info.plist;
				LD_RUNPATH_SEARCH_PATHS = "$(inherited) @executable_path/Frameworks";
				PRODUCT_BUNDLE_IDENTIFIER = test.Test;
				PRODUCT_NAME = "$(TARGET_NAME)";
			};
			name = Debug;
		};
		64CFDC57206382A8006217E4 /* Release */ = {
			isa = XCBuildConfiguration;
			buildSettings = {
				ASSETCATALOG_COMPILER_APPICON_NAME = AppIcon;
				INFOPLIST_FILE = Test/Info.plist;
				LD_RUNPATH_SEARCH_PATHS = "$(inherited) @executable_path/Frameworks";
				PRODUCT_BUNDLE_IDENTIFIER = test.Test;
				PRODUCT_NAME = "$(TARGET_NAME)";
			};
			name = Release;
		};
		64CFDC59206382A8006217E4 /* Debug */ = {
			isa = XCBuildConfiguration;
			buildSettings = {
				BUNDLE_LOADER = "$(TEST_HOST)";
				INFOPLIST_FILE = TestTests/Info.plist;
				LD_RUNPATH_SEARCH_PATHS = "$(inherited) @executable_path/Frameworks @loader_path/Frameworks";
				PRODUCT_BUNDLE_IDENTIFIER = test.TestTests;
				PRODUCT_NAME = "$(TARGET_NAME)";
				TEST_HOST = "$(BUILT_PRODUCTS_DIR)/Test.app/Test";
			};
			name = Debug;
		};
		64CFDC5A206382A8006217E4 /* Release */ = {
			isa = XCBuildConfiguration;
			buildSettings = {
				BUNDLE_LOADER = "$(TEST_HOST)";
				INFOPLIST_FILE = TestTests/Info.plist;
				LD_RUNPATH_SEARCH_PATHS = "$(inherited) @executable_path/Frameworks @loader_path/Frameworks";
				PRODUCT_BUNDLE_IDENTIFIER = test.TestTests;
				PRODUCT_NAME = "$(TARGET_NAME)";
				TEST_HOST = "$(BUILT_PRODUCTS_DIR)/Test.app/Test";
			};
			name = Release;
		};
		64CFDC5C206382A8006217E4 /* Debug */ = {
			isa = XCBuildConfiguration;
			buildSettings = {
				INFOPLIST_FILE = TestUITests/Info.plist;
				LD_RUNPATH_SEARCH_PATHS = "$(inherited) @executable_path/Frameworks @loader_path/Frameworks";
				PRODUCT_BUNDLE_IDENTIFIER = test.TestUITests;
				PRODUCT_NAME = "$(TARGET_NAME)";
				TEST_TARGET_NAME = Test;
				USES_XCTRUNNER = YES;
			};
			name = Debug;
		};
		64CFDC5D206382A8006217E4 /* Release */ = {
			isa = XCBuildConfiguration;
			buildSettings = {
				INFOPLIST_FILE = TestUITests/Info.plist;
				LD_RUNPATH_SEARCH_PATHS = "$(inherited) @executable_path/Frameworks @loader_path/Frameworks";
				PRODUCT_BUNDLE_IDENTIFIER = test.TestUITests;
				PRODUCT_NAME = "$(TARGET_NAME)";
				TEST_TARGET_NAME = Test;
				USES_XCTRUNNER = YES;
			};
			name = Release;
		};
/* End XCBuildConfiguration section */

/* Begin XCConfigurationList section */
		64CFDC28206382A7006217E4 /* Build configuration list for PBXProject "Test" */ = {
			isa = XCConfigurationList;
			buildConfigurations = (
				64CFDC53206382A8006217E4 /* Debug */,
				64CFDC54206382A8006217E4 /* Release */,
			);
			defaultConfigurationIsVisible = 0;
			defaultConfigurationName = Release;
		};
		64CFDC55206382A8006217E4 /* Build configuration list for PBXNativeTarget "Test" */ = {
			isa = XCConfigurationList;
			buildConfigurations = (
				64CFDC56206382A8006217E4 /* Debug */,
				64CFDC57206382A8006217E4 /* Release */,
			);
			defaultConfigurationIsVisible = 0;
		};
		64CFDC58206382A8006217E4 /* Build configuration list for PBXNativeTarget "TestTests" */ = {
			isa = XCConfigurationList;
			buildConfigurations = (
				64CFDC59206382A8006217E4 /* Debug */,
				64CFDC5A206382A8006217E4 /* Release */,
			);
			defaultConfigurationIsVisible = 0;
		};
		64CFDC5B206382A8006217E4 /* Build configuration list for PBXNativeTarget "TestUITests" */ = {
			isa = XCConfigurationList;
			buildConfigurations = (
				64CFDC5C206382A8006217E4 /* Debug */,
				64CFDC5D206382A8006217E4 /* Release */,
			);
			defaultConfigurationIsVisible = 0;
		};
/* End XCConfigurationList section */
	};
	rootObject = 64CFDC25206382A7006217E4 /* Project object */;
}
